// !$*UTF8*$!
{
	archiveVersion = 1;
	classes = {
	};
	objectVersion = 48;
	objects = {

/* Begin PBXBuildFile section */
		91AA07621FBC611F0017158A /* AppDelegate.swift in Sources */ = {isa = PBXBuildFile; fileRef = 91AA07611FBC611F0017158A /* AppDelegate.swift */; };
		91AA07641FBC611F0017158A /* ViewController.swift in Sources */ = {isa = PBXBuildFile; fileRef = 91AA07631FBC611F0017158A /* ViewController.swift */; };
		91AA07671FBC611F0017158A /* Main.storyboard in Resources */ = {isa = PBXBuildFile; fileRef = 91AA07651FBC611F0017158A /* Main.storyboard */; };
		91AA076A1FBC611F0017158A /* CoreDataDemo.xcdatamodeld in Sources */ = {isa = PBXBuildFile; fileRef = 91AA07681FBC611F0017158A /* CoreDataDemo.xcdatamodeld */; };
		91AA076C1FBC611F0017158A /* Assets.xcassets in Resources */ = {isa = PBXBuildFile; fileRef = 91AA076B1FBC611F0017158A /* Assets.xcassets */; };
		91AA076F1FBC611F0017158A /* LaunchScreen.storyboard in Resources */ = {isa = PBXBuildFile; fileRef = 91AA076D1FBC611F0017158A /* LaunchScreen.storyboard */; };
		91AA077A1FBC611F0017158A /* CoreDataDemoTests.swift in Sources */ = {isa = PBXBuildFile; fileRef = 91AA07791FBC611F0017158A /* CoreDataDemoTests.swift */; };
		91AA07851FBC611F0017158A /* CoreDataDemoUITests.swift in Sources */ = {isa = PBXBuildFile; fileRef = 91AA07841FBC611F0017158A /* CoreDataDemoUITests.swift */; };
/* End PBXBuildFile section */

/* Begin PBXContainerItemProxy section */
		91AA07761FBC611F0017158A /* PBXContainerItemProxy */ = {
			isa = PBXContainerItemProxy;
			containerPortal = 91AA07561FBC611F0017158A /* Project object */;
			proxyType = 1;
			remoteGlobalIDString = 91AA075D1FBC611F0017158A;
			remoteInfo = CoreDataDemo;
		};
		91AA07811FBC611F0017158A /* PBXContainerItemProxy */ = {
			isa = PBXContainerItemProxy;
			containerPortal = 91AA07561FBC611F0017158A /* Project object */;
			proxyType = 1;
			remoteGlobalIDString = 91AA075D1FBC611F0017158A;
			remoteInfo = CoreDataDemo;
		};
/* End PBXContainerItemProxy section */

/* Begin PBXFileReference section */
		91AA075E1FBC611F0017158A /* CoreDataDemo.app */ = {isa = PBXFileReference; explicitFileType = wrapper.application; includeInIndex = 0; path = CoreDataDemo.app; sourceTree = BUILT_PRODUCTS_DIR; };
		91AA07611FBC611F0017158A /* AppDelegate.swift */ = {isa = PBXFileReference; lastKnownFileType = sourcecode.swift; path = AppDelegate.swift; sourceTree = "<group>"; };
		91AA07631FBC611F0017158A /* ViewController.swift */ = {isa = PBXFileReference; lastKnownFileType = sourcecode.swift; path = ViewController.swift; sourceTree = "<group>"; };
		91AA07661FBC611F0017158A /* Base */ = {isa = PBXFileReference; lastKnownFileType = file.storyboard; name = Base; path = Base.lproj/Main.storyboard; sourceTree = "<group>"; };
		91AA07691FBC611F0017158A /* CoreDataDemo.xcdatamodel */ = {isa = PBXFileReference; lastKnownFileType = wrapper.xcdatamodel; path = CoreDataDemo.xcdatamodel; sourceTree = "<group>"; };
		91AA076B1FBC611F0017158A /* Assets.xcassets */ = {isa = PBXFileReference; lastKnownFileType = folder.assetcatalog; path = Assets.xcassets; sourceTree = "<group>"; };
		91AA076E1FBC611F0017158A /* Base */ = {isa = PBXFileReference; lastKnownFileType = file.storyboard; name = Base; path = Base.lproj/LaunchScreen.storyboard; sourceTree = "<group>"; };
		91AA07701FBC611F0017158A /* Info.plist */ = {isa = PBXFileReference; lastKnownFileType = text.plist.xml; path = Info.plist; sourceTree = "<group>"; };
		91AA07751FBC611F0017158A /* CoreDataDemoTests.xctest */ = {isa = PBXFileReference; explicitFileType = wrapper.cfbundle; includeInIndex = 0; path = CoreDataDemoTests.xctest; sourceTree = BUILT_PRODUCTS_DIR; };
		91AA07791FBC611F0017158A /* CoreDataDemoTests.swift */ = {isa = PBXFileReference; lastKnownFileType = sourcecode.swift; path = CoreDataDemoTests.swift; sourceTree = "<group>"; };
		91AA077B1FBC611F0017158A /* Info.plist */ = {isa = PBXFileReference; lastKnownFileType = text.plist.xml; path = Info.plist; sourceTree = "<group>"; };
		91AA07801FBC611F0017158A /* CoreDataDemoUITests.xctest */ = {isa = PBXFileReference; explicitFileType = wrapper.cfbundle; includeInIndex = 0; path = CoreDataDemoUITests.xctest; sourceTree = BUILT_PRODUCTS_DIR; };
		91AA07841FBC611F0017158A /* CoreDataDemoUITests.swift */ = {isa = PBXFileReference; lastKnownFileType = sourcecode.swift; path = CoreDataDemoUITests.swift; sourceTree = "<group>"; };
		91AA07861FBC611F0017158A /* Info.plist */ = {isa = PBXFileReference; lastKnownFileType = text.plist.xml; path = Info.plist; sourceTree = "<group>"; };
		91C1C4B51FBD935600F412AB /* CoreData.framework */ = {isa = PBXFileReference; lastKnownFileType = wrapper.framework; name = CoreData.framework; path = System/Library/Frameworks/CoreData.framework; sourceTree = SDKROOT; };
/* End PBXFileReference section */

/* Begin PBXFrameworksBuildPhase section */
		91AA075B1FBC611F0017158A /* Frameworks */ = {
			isa = PBXFrameworksBuildPhase;
			buildActionMask = 2147483647;
			files = (
			);
			runOnlyForDeploymentPostprocessing = 0;
		};
		91AA07721FBC611F0017158A /* Frameworks */ = {
			isa = PBXFrameworksBuildPhase;
			buildActionMask = 2147483647;
			files = (
			);
			runOnlyForDeploymentPostprocessing = 0;
		};
		91AA077D1FBC611F0017158A /* Frameworks */ = {
			isa = PBXFrameworksBuildPhase;
			buildActionMask = 2147483647;
			files = (
			);
			runOnlyForDeploymentPostprocessing = 0;
		};
/* End PBXFrameworksBuildPhase section */

/* Begin PBXGroup section */
		91AA07551FBC611F0017158A = {
			isa = PBXGroup;
			children = (
				91AA07601FBC611F0017158A /* CoreDataDemo */,
				91AA07781FBC611F0017158A /* CoreDataDemoTests */,
				91AA07831FBC611F0017158A /* CoreDataDemoUITests */,
				91AA075F1FBC611F0017158A /* Products */,
				91C1C4B41FBD935600F412AB /* Frameworks */,
			);
			sourceTree = "<group>";
		};
		91AA075F1FBC611F0017158A /* Products */ = {
			isa = PBXGroup;
			children = (
				91AA075E1FBC611F0017158A /* CoreDataDemo.app */,
				91AA07751FBC611F0017158A /* CoreDataDemoTests.xctest */,
				91AA07801FBC611F0017158A /* CoreDataDemoUITests.xctest */,
			);
			name = Products;
			sourceTree = "<group>";
		};
		91AA07601FBC611F0017158A /* CoreDataDemo */ = {
			isa = PBXGroup;
			children = (
				91AA07611FBC611F0017158A /* AppDelegate.swift */,
				91AA07631FBC611F0017158A /* ViewController.swift */,
				91AA07651FBC611F0017158A /* Main.storyboard */,
				91AA076B1FBC611F0017158A /* Assets.xcassets */,
				91AA076D1FBC611F0017158A /* LaunchScreen.storyboard */,
				91AA07701FBC611F0017158A /* Info.plist */,
				91AA07681FBC611F0017158A /* CoreDataDemo.xcdatamodeld */,
			);
			path = CoreDataDemo;
			sourceTree = "<group>";
		};
		91AA07781FBC611F0017158A /* CoreDataDemoTests */ = {
			isa = PBXGroup;
			children = (
				91AA07791FBC611F0017158A /* CoreDataDemoTests.swift */,
				91AA077B1FBC611F0017158A /* Info.plist */,
			);
			path = CoreDataDemoTests;
			sourceTree = "<group>";
		};
		91AA07831FBC611F0017158A /* CoreDataDemoUITests */ = {
			isa = PBXGroup;
			children = (
				91AA07841FBC611F0017158A /* CoreDataDemoUITests.swift */,
				91AA07861FBC611F0017158A /* Info.plist */,
			);
			path = CoreDataDemoUITests;
			sourceTree = "<group>";
		};
		91C1C4B41FBD935600F412AB /* Frameworks */ = {
			isa = PBXGroup;
			children = (
				91C1C4B51FBD935600F412AB /* CoreData.framework */,
			);
			name = Frameworks;
			sourceTree = "<group>";
		};
/* End PBXGroup section */

/* Begin PBXNativeTarget section */
		91AA075D1FBC611F0017158A /* CoreDataDemo */ = {
			isa = PBXNativeTarget;
			buildConfigurationList = 91AA07891FBC611F0017158A /* Build configuration list for PBXNativeTarget "CoreDataDemo" */;
			buildPhases = (
				91AA075A1FBC611F0017158A /* Sources */,
				91AA075B1FBC611F0017158A /* Frameworks */,
				91AA075C1FBC611F0017158A /* Resources */,
			);
			buildRules = (
			);
			dependencies = (
			);
			name = CoreDataDemo;
			productName = CoreDataDemo;
			productReference = 91AA075E1FBC611F0017158A /* CoreDataDemo.app */;
			productType = "com.apple.product-type.application";
		};
		91AA07741FBC611F0017158A /* CoreDataDemoTests */ = {
			isa = PBXNativeTarget;
			buildConfigurationList = 91AA078C1FBC611F0017158A /* Build configuration list for PBXNativeTarget "CoreDataDemoTests" */;
			buildPhases = (
				91AA07711FBC611F0017158A /* Sources */,
				91AA07721FBC611F0017158A /* Frameworks */,
				91AA07731FBC611F0017158A /* Resources */,
			);
			buildRules = (
			);
			dependencies = (
				91AA07771FBC611F0017158A /* PBXTargetDependency */,
			);
			name = CoreDataDemoTests;
			productName = CoreDataDemoTests;
			productReference = 91AA07751FBC611F0017158A /* CoreDataDemoTests.xctest */;
			productType = "com.apple.product-type.bundle.unit-test";
		};
		91AA077F1FBC611F0017158A /* CoreDataDemoUITests */ = {
			isa = PBXNativeTarget;
			buildConfigurationList = 91AA078F1FBC611F0017158A /* Build configuration list for PBXNativeTarget "CoreDataDemoUITests" */;
			buildPhases = (
				91AA077C1FBC611F0017158A /* Sources */,
				91AA077D1FBC611F0017158A /* Frameworks */,
				91AA077E1FBC611F0017158A /* Resources */,
			);
			buildRules = (
			);
			dependencies = (
				91AA07821FBC611F0017158A /* PBXTargetDependency */,
			);
			name = CoreDataDemoUITests;
			productName = CoreDataDemoUITests;
			productReference = 91AA07801FBC611F0017158A /* CoreDataDemoUITests.xctest */;
			productType = "com.apple.product-type.bundle.ui-testing";
		};
/* End PBXNativeTarget section */

/* Begin PBXProject section */
		91AA07561FBC611F0017158A /* Project object */ = {
			isa = PBXProject;
			attributes = {
				LastSwiftUpdateCheck = 0910;
				LastUpgradeCheck = 0910;
				ORGANIZATIONNAME = "Raghavendra Dattawad";
				TargetAttributes = {
					91AA075D1FBC611F0017158A = {
						CreatedOnToolsVersion = 9.1;
						ProvisioningStyle = Automatic;
					};
					91AA07741FBC611F0017158A = {
						CreatedOnToolsVersion = 9.1;
						ProvisioningStyle = Automatic;
						TestTargetID = 91AA075D1FBC611F0017158A;
					};
					91AA077F1FBC611F0017158A = {
						CreatedOnToolsVersion = 9.1;
						ProvisioningStyle = Automatic;
						TestTargetID = 91AA075D1FBC611F0017158A;
					};
				};
			};
			buildConfigurationList = 91AA07591FBC611F0017158A /* Build configuration list for PBXProject "CoreDataDemo" */;
			compatibilityVersion = "Xcode 8.0";
			developmentRegion = en;
			hasScannedForEncodings = 0;
			knownRegions = (
				en,
				Base,
			);
			mainGroup = 91AA07551FBC611F0017158A;
			productRefGroup = 91AA075F1FBC611F0017158A /* Products */;
			projectDirPath = "";
			projectRoot = "";
			targets = (
				91AA075D1FBC611F0017158A /* CoreDataDemo */,
				91AA07741FBC611F0017158A /* CoreDataDemoTests */,
				91AA077F1FBC611F0017158A /* CoreDataDemoUITests */,
			);
		};
/* End PBXProject section */

/* Begin PBXResourcesBuildPhase section */
		91AA075C1FBC611F0017158A /* Resources */ = {
			isa = PBXResourcesBuildPhase;
			buildActionMask = 2147483647;
			files = (
				91AA076F1FBC611F0017158A /* LaunchScreen.storyboard in Resources */,
				91AA076C1FBC611F0017158A /* Assets.xcassets in Resources */,
				91AA07671FBC611F0017158A /* Main.storyboard in Resources */,
			);
			runOnlyForDeploymentPostprocessing = 0;
		};
		91AA07731FBC611F0017158A /* Resources */ = {
			isa = PBXResourcesBuildPhase;
			buildActionMask = 2147483647;
			files = (
			);
			runOnlyForDeploymentPostprocessing = 0;
		};
		91AA077E1FBC611F0017158A /* Resources */ = {
			isa = PBXResourcesBuildPhase;
			buildActionMask = 2147483647;
			files = (
			);
			runOnlyForDeploymentPostprocessing = 0;
		};
/* End PBXResourcesBuildPhase section */

/* Begin PBXSourcesBuildPhase section */
		91AA075A1FBC611F0017158A /* Sources */ = {
			isa = PBXSourcesBuildPhase;
			buildActionMask = 2147483647;
			files = (
				91AA07641FBC611F0017158A /* ViewController.swift in Sources */,
				91AA076A1FBC611F0017158A /* CoreDataDemo.xcdatamodeld in Sources */,
				91AA07621FBC611F0017158A /* AppDelegate.swift in Sources */,
			);
			runOnlyForDeploymentPostprocessing = 0;
		};
		91AA07711FBC611F0017158A /* Sources */ = {
			isa = PBXSourcesBuildPhase;
			buildActionMask = 2147483647;
			files = (
				91AA077A1FBC611F0017158A /* CoreDataDemoTests.swift in Sources */,
			);
			runOnlyForDeploymentPostprocessing = 0;
		};
		91AA077C1FBC611F0017158A /* Sources */ = {
			isa = PBXSourcesBuildPhase;
			buildActionMask = 2147483647;
			files = (
				91AA07851FBC611F0017158A /* CoreDataDemoUITests.swift in Sources */,
			);
			runOnlyForDeploymentPostprocessing = 0;
		};
/* End PBXSourcesBuildPhase section */

/* Begin PBXTargetDependency section */
		91AA07771FBC611F0017158A /* PBXTargetDependency */ = {
			isa = PBXTargetDependency;
			target = 91AA075D1FBC611F0017158A /* CoreDataDemo */;
			targetProxy = 91AA07761FBC611F0017158A /* PBXContainerItemProxy */;
		};
		91AA07821FBC611F0017158A /* PBXTargetDependency */ = {
			isa = PBXTargetDependency;
			target = 91AA075D1FBC611F0017158A /* CoreDataDemo */;
			targetProxy = 91AA07811FBC611F0017158A /* PBXContainerItemProxy */;
		};
/* End PBXTargetDependency section */

/* Begin PBXVariantGroup section */
		91AA07651FBC611F0017158A /* Main.storyboard */ = {
			isa = PBXVariantGroup;
			children = (
				91AA07661FBC611F0017158A /* Base */,
			);
			name = Main.storyboard;
			sourceTree = "<group>";
		};
		91AA076D1FBC611F0017158A /* LaunchScreen.storyboard */ = {
			isa = PBXVariantGroup;
			children = (
				91AA076E1FBC611F0017158A /* Base */,
			);
			name = LaunchScreen.storyboard;
			sourceTree = "<group>";
		};
/* End PBXVariantGroup section */

/* Begin XCBuildConfiguration section */
		91AA07871FBC611F0017158A /* Debug */ = {
			isa = XCBuildConfiguration;
			buildSettings = {
				ALWAYS_SEARCH_USER_PATHS = NO;
				CLANG_ANALYZER_NONNULL = YES;
				CLANG_ANALYZER_NUMBER_OBJECT_CONVERSION = YES_AGGRESSIVE;
				CLANG_CXX_LANGUAGE_STANDARD = "gnu++14";
				CLANG_CXX_LIBRARY = "libc++";
				CLANG_ENABLE_MODULES = YES;
				CLANG_ENABLE_OBJC_ARC = YES;
				CLANG_WARN_BLOCK_CAPTURE_AUTORELEASING = YES;
				CLANG_WARN_BOOL_CONVERSION = YES;
				CLANG_WARN_COMMA = YES;
				CLANG_WARN_CONSTANT_CONVERSION = YES;
				CLANG_WARN_DIRECT_OBJC_ISA_USAGE = YES_ERROR;
				CLANG_WARN_DOCUMENTATION_COMMENTS = YES;
				CLANG_WARN_EMPTY_BODY = YES;
				CLANG_WARN_ENUM_CONVERSION = YES;
				CLANG_WARN_INFINITE_RECURSION = YES;
				CLANG_WARN_INT_CONVERSION = YES;
				CLANG_WARN_NON_LITERAL_NULL_CONVERSION = YES;
				CLANG_WARN_OBJC_LITERAL_CONVERSION = YES;
				CLANG_WARN_OBJC_ROOT_CLASS = YES_ERROR;
				CLANG_WARN_RANGE_LOOP_ANALYSIS = YES;
				CLANG_WARN_STRICT_PROTOTYPES = YES;
				CLANG_WARN_SUSPICIOUS_MOVE = YES;
				CLANG_WARN_UNGUARDED_AVAILABILITY = YES_AGGRESSIVE;
				CLANG_WARN_UNREACHABLE_CODE = YES;
				CLANG_WARN__DUPLICATE_METHOD_MATCH = YES;
				CODE_SIGN_IDENTITY = "iPhone Developer";
				COPY_PHASE_STRIP = NO;
				DEBUG_INFORMATION_FORMAT = dwarf;
				ENABLE_STRICT_OBJC_MSGSEND = YES;
				ENABLE_TESTABILITY = YES;
				GCC_C_LANGUAGE_STANDARD = gnu11;
				GCC_DYNAMIC_NO_PIC = NO;
				GCC_NO_COMMON_BLOCKS = YES;
				GCC_OPTIMIZATION_LEVEL = 0;
				GCC_PREPROCESSOR_DEFINITIONS = (
					"DEBUG=1",
					"$(inherited)",
				);
				GCC_WARN_64_TO_32_BIT_CONVERSION = YES;
				GCC_WARN_ABOUT_RETURN_TYPE = YES_ERROR;
				GCC_WARN_UNDECLARED_SELECTOR = YES;
				GCC_WARN_UNINITIALIZED_AUTOS = YES_AGGRESSIVE;
				GCC_WARN_UNUSED_FUNCTION = YES;
				GCC_WARN_UNUSED_VARIABLE = YES;
				IPHONEOS_DEPLOYMENT_TARGET = 11.1;
				MTL_ENABLE_DEBUG_INFO = YES;
				ONLY_ACTIVE_ARCH = YES;
				SDKROOT = iphoneos;
				SWIFT_ACTIVE_COMPILATION_CONDITIONS = DEBUG;
				SWIFT_OPTIMIZATION_LEVEL = "-Onone";
			};
			name = Debug;
		};
		91AA07881FBC611F0017158A /* Release */ = {
			isa = XCBuildConfiguration;
			buildSettings = {
				ALWAYS_SEARCH_USER_PATHS = NO;
				CLANG_ANALYZER_NONNULL = YES;
				CLANG_ANALYZER_NUMBER_OBJECT_CONVERSION = YES_AGGRESSIVE;
				CLANG_CXX_LANGUAGE_STANDARD = "gnu++14";
				CLANG_CXX_LIBRARY = "libc++";
				CLANG_ENABLE_MODULES = YES;
				CLANG_ENABLE_OBJC_ARC = YES;
				CLANG_WARN_BLOCK_CAPTURE_AUTORELEASING = YES;
				CLANG_WARN_BOOL_CONVERSION = YES;
				CLANG_WARN_COMMA = YES;
				CLANG_WARN_CONSTANT_CONVERSION = YES;
				CLANG_WARN_DIRECT_OBJC_ISA_USAGE = YES_ERROR;
				CLANG_WARN_DOCUMENTATION_COMMENTS = YES;
				CLANG_WARN_EMPTY_BODY = YES;
				CLANG_WARN_ENUM_CONVERSION = YES;
				CLANG_WARN_INFINITE_RECURSION = YES;
				CLANG_WARN_INT_CONVERSION = YES;
				CLANG_WARN_NON_LITERAL_NULL_CONVERSION = YES;
				CLANG_WARN_OBJC_LITERAL_CONVERSION = YES;
				CLANG_WARN_OBJC_ROOT_CLASS = YES_ERROR;
				CLANG_WARN_RANGE_LOOP_ANALYSIS = YES;
				CLANG_WARN_STRICT_PROTOTYPES = YES;
				CLANG_WARN_SUSPICIOUS_MOVE = YES;
				CLANG_WARN_UNGUARDED_AVAILABILITY = YES_AGGRESSIVE;
				CLANG_WARN_UNREACHABLE_CODE = YES;
				CLANG_WARN__DUPLICATE_METHOD_MATCH = YES;
				CODE_SIGN_IDENTITY = "iPhone Developer";
				COPY_PHASE_STRIP = NO;
				DEBUG_INFORMATION_FORMAT = "dwarf-with-dsym";
				ENABLE_NS_ASSERTIONS = NO;
				ENABLE_STRICT_OBJC_MSGSEND = YES;
				GCC_C_LANGUAGE_STANDARD = gnu11;
				GCC_NO_COMMON_BLOCKS = YES;
				GCC_WARN_64_TO_32_BIT_CONVERSION = YES;
				GCC_WARN_ABOUT_RETURN_TYPE = YES_ERROR;
				GCC_WARN_UNDECLARED_SELECTOR = YES;
				GCC_WARN_UNINITIALIZED_AUTOS = YES_AGGRESSIVE;
				GCC_WARN_UNUSED_FUNCTION = YES;
				GCC_WARN_UNUSED_VARIABLE = YES;
				IPHONEOS_DEPLOYMENT_TARGET = 11.1;
				MTL_ENABLE_DEBUG_INFO = NO;
				SDKROOT = iphoneos;
				SWIFT_OPTIMIZATION_LEVEL = "-Owholemodule";
				VALIDATE_PRODUCT = YES;
			};
			name = Release;
		};
		91AA078A1FBC611F0017158A /* Debug */ = {
			isa = XCBuildConfiguration;
			buildSettings = {
				ASSETCATALOG_COMPILER_APPICON_NAME = AppIcon;
				CODE_SIGN_STYLE = Automatic;
				INFOPLIST_FILE = CoreDataDemo/Info.plist;
				LD_RUNPATH_SEARCH_PATHS = "$(inherited) @executable_path/Frameworks";
				PRODUCT_BUNDLE_IDENTIFIER = com.ITCS.CoreDataDemo;
				PRODUCT_NAME = "$(TARGET_NAME)";
				SWIFT_VERSION = 4.0;
				TARGETED_DEVICE_FAMILY = "1,2";
			};
			name = Debug;
		};
		91AA078B1FBC611F0017158A /* Release */ = {
			isa = XCBuildConfiguration;
			buildSettings = {
				ASSETCATALOG_COMPILER_APPICON_NAME = AppIcon;
				CODE_SIGN_STYLE = Automatic;
				INFOPLIST_FILE = CoreDataDemo/Info.plist;
				LD_RUNPATH_SEARCH_PATHS = "$(inherited) @executable_path/Frameworks";
				PRODUCT_BUNDLE_IDENTIFIER = com.ITCS.CoreDataDemo;
				PRODUCT_NAME = "$(TARGET_NAME)";
				SWIFT_VERSION = 4.0;
				TARGETED_DEVICE_FAMILY = "1,2";
			};
			name = Release;
		};
		91AA078D1FBC611F0017158A /* Debug */ = {
			isa = XCBuildConfiguration;
			buildSettings = {
				ALWAYS_EMBED_SWIFT_STANDARD_LIBRARIES = YES;
				BUNDLE_LOADER = "$(TEST_HOST)";
				CODE_SIGN_STYLE = Automatic;
				INFOPLIST_FILE = CoreDataDemoTests/Info.plist;
				LD_RUNPATH_SEARCH_PATHS = "$(inherited) @executable_path/Frameworks @loader_path/Frameworks";
				PRODUCT_BUNDLE_IDENTIFIER = com.ITCS.CoreDataDemoTests;
				PRODUCT_NAME = "$(TARGET_NAME)";
				SWIFT_VERSION = 4.0;
				TARGETED_DEVICE_FAMILY = "1,2";
				TEST_HOST = "$(BUILT_PRODUCTS_DIR)/CoreDataDemo.app/CoreDataDemo";
			};
			name = Debug;
		};
		91AA078E1FBC611F0017158A /* Release */ = {
			isa = XCBuildConfiguration;
			buildSettings = {
				ALWAYS_EMBED_SWIFT_STANDARD_LIBRARIES = YES;
				BUNDLE_LOADER = "$(TEST_HOST)";
				CODE_SIGN_STYLE = Automatic;
				INFOPLIST_FILE = CoreDataDemoTests/Info.plist;
				LD_RUNPATH_SEARCH_PATHS = "$(inherited) @executable_path/Frameworks @loader_path/Frameworks";
				PRODUCT_BUNDLE_IDENTIFIER = com.ITCS.CoreDataDemoTests;
				PRODUCT_NAME = "$(TARGET_NAME)";
				SWIFT_VERSION = 4.0;
				TARGETED_DEVICE_FAMILY = "1,2";
				TEST_HOST = "$(BUILT_PRODUCTS_DIR)/CoreDataDemo.app/CoreDataDemo";
			};
			name = Release;
		};
		91AA07901FBC611F0017158A /* Debug */ = {
			isa = XCBuildConfiguration;
			buildSettings = {
				ALWAYS_EMBED_SWIFT_STANDARD_LIBRARIES = YES;
				CODE_SIGN_STYLE = Automatic;
				INFOPLIST_FILE = CoreDataDemoUITests/Info.plist;
				LD_RUNPATH_SEARCH_PATHS = "$(inherited) @executable_path/Frameworks @loader_path/Frameworks";
				PRODUCT_BUNDLE_IDENTIFIER = com.ITCS.CoreDataDemoUITests;
				PRODUCT_NAME = "$(TARGET_NAME)";
				SWIFT_VERSION = 4.0;
				TARGETED_DEVICE_FAMILY = "1,2";
				TEST_TARGET_NAME = CoreDataDemo;
			};
			name = Debug;
		};
		91AA07911FBC611F0017158A /* Release */ = {
			isa = XCBuildConfiguration;
			buildSettings = {
				ALWAYS_EMBED_SWIFT_STANDARD_LIBRARIES = YES;
				CODE_SIGN_STYLE = Automatic;
				INFOPLIST_FILE = CoreDataDemoUITests/Info.plist;
				LD_RUNPATH_SEARCH_PATHS = "$(inherited) @executable_path/Frameworks @loader_path/Frameworks";
				PRODUCT_BUNDLE_IDENTIFIER = com.ITCS.CoreDataDemoUITests;
				PRODUCT_NAME = "$(TARGET_NAME)";
				SWIFT_VERSION = 4.0;
				TARGETED_DEVICE_FAMILY = "1,2";
				TEST_TARGET_NAME = CoreDataDemo;
			};
			name = Release;
		};
/* End XCBuildConfiguration section */

/* Begin XCConfigurationList section */
		91AA07591FBC611F0017158A /* Build configuration list for PBXProject "CoreDataDemo" */ = {
			isa = XCConfigurationList;
			buildConfigurations = (
				91AA07871FBC611F0017158A /* Debug */,
				91AA07881FBC611F0017158A /* Release */,
			);
			defaultConfigurationIsVisible = 0;
			defaultConfigurationName = Release;
		};
		91AA07891FBC611F0017158A /* Build configuration list for PBXNativeTarget "CoreDataDemo" */ = {
			isa = XCConfigurationList;
			buildConfigurations = (
				91AA078A1FBC611F0017158A /* Debug */,
				91AA078B1FBC611F0017158A /* Release */,
			);
			defaultConfigurationIsVisible = 0;
			defaultConfigurationName = Release;
		};
		91AA078C1FBC611F0017158A /* Build configuration list for PBXNativeTarget "CoreDataDemoTests" */ = {
			isa = XCConfigurationList;
			buildConfigurations = (
				91AA078D1FBC611F0017158A /* Debug */,
				91AA078E1FBC611F0017158A /* Release */,
			);
			defaultConfigurationIsVisible = 0;
			defaultConfigurationName = Release;
		};
		91AA078F1FBC611F0017158A /* Build configuration list for PBXNativeTarget "CoreDataDemoUITests" */ = {
			isa = XCConfigurationList;
			buildConfigurations = (
				91AA07901FBC611F0017158A /* Debug */,
				91AA07911FBC611F0017158A /* Release */,
			);
			defaultConfigurationIsVisible = 0;
			defaultConfigurationName = Release;
		};
/* End XCConfigurationList section */

/* Begin XCVersionGroup section */
		91AA07681FBC611F0017158A /* CoreDataDemo.xcdatamodeld */ = {
			isa = XCVersionGroup;
			children = (
				91AA07691FBC611F0017158A /* CoreDataDemo.xcdatamodel */,
			);
			currentVersion = 91AA07691FBC611F0017158A /* CoreDataDemo.xcdatamodel */;
			path = CoreDataDemo.xcdatamodeld;
			sourceTree = "<group>";
			versionGroupType = wrapper.xcdatamodel;
		};
/* End XCVersionGroup section */
	};
	rootObject = 91AA07561FBC611F0017158A /* Project object */;
}
